
Microsoft Visual Studio Solution File, Format Version 12.00
# Visual Studio Version 17
VisualStudioVersion = 17.4.33103.184
MinimumVisualStudioVersion = 10.0.40219.1
Project("{9A19103F-16F7-4668-BE54-9A1E7A4F7556}") = "Core", "Core\Core.csproj", "{7F1C9824-3E1A-4F66-8B42-C27448F10935}"
EndProject
Project("{9A19103F-16F7-4668-BE54-9A1E7A4F7556}") = "Infrastructure", "Infrastructure\Infrastructure.csproj", "{2AD833A0-C9DE-4C84-8453-02B2E0954E9A}"
	ProjectSection(ProjectDependencies) = postProject
		{7F1C9824-3E1A-4F66-8B42-C27448F10935} = {7F1C9824-3E1A-4F66-8B42-C27448F10935}
	EndProjectSection
EndProject
Project("{9A19103F-16F7-4668-BE54-9A1E7A4F7556}") = "WebApi", "WebApi\WebApi.csproj", "{D523E7C9-98C7-4E58-A408-55193B0009B5}"
EndProject
Global
	GlobalSection(SolutionConfigurationPlatforms) = preSolution
		Debug|Any CPU = Debug|Any CPU
		Release|Any CPU = Release|Any CPU
	EndGlobalSection
	GlobalSection(ProjectConfigurationPlatforms) = postSolution
		{7F1C9824-3E1A-4F66-8B42-C27448F10935}.Debug|Any CPU.ActiveCfg = Debug|Any CPU
		{7F1C9824-3E1A-4F66-8B42-C27448F10935}.Debug|Any CPU.Build.0 = Debug|Any CPU
		{7F1C9824-3E1A-4F66-8B42-C27448F10935}.Release|Any CPU.ActiveCfg = Release|Any CPU
		{7F1C9824-3E1A-4F66-8B42-C27448F10935}.Release|Any CPU.Build.0 = Release|Any CPU
		{2AD833A0-C9DE-4C84-8453-02B2E0954E9A}.Debug|Any CPU.ActiveCfg = Debug|Any CPU
		{2AD833A0-C9DE-4C84-8453-02B2E0954E9A}.Debug|Any CPU.Build.0 = Debug|Any CPU
		{2AD833A0-C9DE-4C84-8453-02B2E0954E9A}.Release|Any CPU.ActiveCfg = Release|Any CPU
		{2AD833A0-C9DE-4C84-8453-02B2E0954E9A}.Release|Any CPU.Build.0 = Release|Any CPU
		{D523E7C9-98C7-4E58-A408-55193B0009B5}.Debug|Any CPU.ActiveCfg = Debug|Any CPU
		{D523E7C9-98C7-4E58-A408-55193B0009B5}.Debug|Any CPU.Build.0 = Debug|Any CPU
		{D523E7C9-98C7-4E58-A408-55193B0009B5}.Release|Any CPU.ActiveCfg = Release|Any CPU
		{D523E7C9-98C7-4E58-A408-55193B0009B5}.Release|Any CPU.Build.0 = Release|Any CPU
	EndGlobalSection
	GlobalSection(SolutionProperties) = preSolution
		HideSolutionNode = FALSE
	EndGlobalSection
	GlobalSection(ExtensibilityGlobals) = postSolution
		SolutionGuid = {8510CA2A-A002-4870-AF3E-962C5F0C62AD}
	EndGlobalSection
EndGlobal
